
Microsoft Visual Studio Solution File, Format Version 12.00
Project("{FAE04EC0-301F-11D3-BF4B-00C04F79EFBC}") = "BattleshipStateTracker.API", "BattleshipStateTracker.API\BattleshipStateTracker.API.csproj", "{F1355D48-2AF3-4A4C-A397-952118D6F878}"
EndProject
Project("{FAE04EC0-301F-11D3-BF4B-00C04F79EFBC}") = "BattleshipStateTracker.Services", "BattleshipStateTracker.Services\BattleshipStateTracker.Services.csproj", "{6DE84F3D-3473-4ACF-B989-2E522D1626D2}"
EndProject
Project("{FAE04EC0-301F-11D3-BF4B-00C04F79EFBC}") = "BattleStateTracker.Unit.Tests", "BattleStateTracker.Unit.Tests\BattleStateTracker.Unit.Tests.csproj", "{59A17D23-E16B-4ADC-9162-0B03C1EFD520}"
EndProject
Global
	GlobalSection(SolutionConfigurationPlatforms) = preSolution
		Debug|Any CPU = Debug|Any CPU
		Release|Any CPU = Release|Any CPU
	EndGlobalSection
	GlobalSection(ProjectConfigurationPlatforms) = postSolution
		{F1355D48-2AF3-4A4C-A397-952118D6F878}.Debug|Any CPU.ActiveCfg = Debug|Any CPU
		{F1355D48-2AF3-4A4C-A397-952118D6F878}.Debug|Any CPU.Build.0 = Debug|Any CPU
		{F1355D48-2AF3-4A4C-A397-952118D6F878}.Release|Any CPU.ActiveCfg = Release|Any CPU
		{F1355D48-2AF3-4A4C-A397-952118D6F878}.Release|Any CPU.Build.0 = Release|Any CPU
		{6DE84F3D-3473-4ACF-B989-2E522D1626D2}.Debug|Any CPU.ActiveCfg = Debug|Any CPU
		{6DE84F3D-3473-4ACF-B989-2E522D1626D2}.Debug|Any CPU.Build.0 = Debug|Any CPU
		{6DE84F3D-3473-4ACF-B989-2E522D1626D2}.Release|Any CPU.ActiveCfg = Release|Any CPU
		{6DE84F3D-3473-4ACF-B989-2E522D1626D2}.Release|Any CPU.Build.0 = Release|Any CPU
		{59A17D23-E16B-4ADC-9162-0B03C1EFD520}.Debug|Any CPU.ActiveCfg = Debug|Any CPU
		{59A17D23-E16B-4ADC-9162-0B03C1EFD520}.Debug|Any CPU.Build.0 = Debug|Any CPU
		{59A17D23-E16B-4ADC-9162-0B03C1EFD520}.Release|Any CPU.ActiveCfg = Release|Any CPU
		{59A17D23-E16B-4ADC-9162-0B03C1EFD520}.Release|Any CPU.Build.0 = Release|Any CPU
	EndGlobalSection
EndGlobal
